
Microsoft Visual Studio Solution File, Format Version 12.00
# Visual Studio Version 17
VisualStudioVersion = 17.0.31903.59
MinimumVisualStudioVersion = 10.0.40219.1
Project("{9A19103F-16F7-4668-BE54-9A1E7A4F7556}") = "Microsoft.Extensions.Logging.Log4Net.AspNetCore", "Microsoft.Extensions.Logging.Log4Net.AspNetCore\Microsoft.Extensions.Logging.Log4Net.AspNetCore.csproj", "{A2F0571A-E90E-4030-B05E-531A4CDE084D}"
EndProject
Project("{2150E333-8FDC-42A3-9474-1A3956D46DE8}") = "Tests", "Tests", "{533617B0-91CD-4C91-8676-36C21155D191}"
EndProject
Project("{9A19103F-16F7-4668-BE54-9A1E7A4F7556}") = "Unit.Tests", "..\tests\Unit.Tests\Unit.Tests.csproj", "{9D126A4C-9A1C-463D-8BEE-479B928E43DA}"
EndProject
Global
	GlobalSection(SolutionConfigurationPlatforms) = preSolution
		Debug|Any CPU = Debug|Any CPU
		Release|Any CPU = Release|Any CPU
	EndGlobalSection
	GlobalSection(ProjectConfigurationPlatforms) = postSolution
		{A2F0571A-E90E-4030-B05E-531A4CDE084D}.Debug|Any CPU.ActiveCfg = Debug|Any CPU
		{A2F0571A-E90E-4030-B05E-531A4CDE084D}.Debug|Any CPU.Build.0 = Debug|Any CPU
		{A2F0571A-E90E-4030-B05E-531A4CDE084D}.Release|Any CPU.ActiveCfg = Release|Any CPU
		{A2F0571A-E90E-4030-B05E-531A4CDE084D}.Release|Any CPU.Build.0 = Release|Any CPU
		{9D126A4C-9A1C-463D-8BEE-479B928E43DA}.Debug|Any CPU.ActiveCfg = Debug|Any CPU
		{9D126A4C-9A1C-463D-8BEE-479B928E43DA}.Debug|Any CPU.Build.0 = Debug|Any CPU
		{9D126A4C-9A1C-463D-8BEE-479B928E43DA}.Release|Any CPU.ActiveCfg = Release|Any CPU
		{9D126A4C-9A1C-463D-8BEE-479B928E43DA}.Release|Any CPU.Build.0 = Release|Any CPU
	EndGlobalSection
	GlobalSection(SolutionProperties) = preSolution
		HideSolutionNode = FALSE
	EndGlobalSection
	GlobalSection(NestedProjects) = preSolution
		{9D126A4C-9A1C-463D-8BEE-479B928E43DA} = {533617B0-91CD-4C91-8676-36C21155D191}
	EndGlobalSection
	GlobalSection(ExtensibilityGlobals) = postSolution
		SolutionGuid = {8E3DFD5E-550F-4D27-BD8A-49D16DD84DB9}
	EndGlobalSection
EndGlobal
