
Microsoft Visual Studio Solution File, Format Version 12.00
# Visual Studio 15
VisualStudioVersion = 15.0.27130.2036
MinimumVisualStudioVersion = 10.0.40219.1
Project("{9A19103F-16F7-4668-BE54-9A1E7A4F7556}") = "Microsoft.Extensions.Logging.Log4Net.AspNetCore", "Microsoft.Extensions.Logging.Log4Net.AspNetCore\Microsoft.Extensions.Logging.Log4Net.AspNetCore.csproj", "{A2F0571A-E90E-4030-B05E-531A4CDE084D}"
EndProject
Project("{2150E333-8FDC-42A3-9474-1A3956D46DE8}") = "Tests", "Tests", "{533617B0-91CD-4C91-8676-36C21155D191}"
EndProject
Project("{FAE04EC0-301F-11D3-BF4B-00C04F79EFBC}") = "FullFramework.Tests", "Tests\FullFramework.Tests\FullFramework.Tests.csproj", "{E84434F6-3328-4B63-815A-B7D6CE328416}"
EndProject
Project("{9A19103F-16F7-4668-BE54-9A1E7A4F7556}") = "NetCoreApp.v1_x.Tests", "Tests\NetCoreApp1.Tests\NetCoreApp.v1_x.Tests.csproj", "{AFAD78A1-6831-4CD9-80AB-02EFE82C46BD}"
EndProject
Project("{9A19103F-16F7-4668-BE54-9A1E7A4F7556}") = "NetCoreApp.v2_0.Tests", "Tests\NetCoreApp20.Tests\NetCoreApp.v2_0.Tests.csproj", "{5A94A35D-90AC-4E3B-849D-B6029EC1C211}"
EndProject
Project("{9A19103F-16F7-4668-BE54-9A1E7A4F7556}") = "NetCoreApp.v2_1.Tests", "Tests\NetCoreApp21.Tests\NetCoreApp.v2_1.Tests.csproj", "{38314FFA-3AAF-4397-A81B-29A3366DD540}"
EndProject
Project("{9A19103F-16F7-4668-BE54-9A1E7A4F7556}") = "NetCoreApp.v2_2.Tests", "Tests\NetCoreApp22.Tests\NetCoreApp.v2_2.Tests.csproj", "{1C22131D-0EEA-48EB-A708-4310845FFC27}"
EndProject
Project("{9A19103F-16F7-4668-BE54-9A1E7A4F7556}") = "Swords.Core.Tests", "Swords.Core.Tests\Swords.Core.Tests.csproj", "{514758BD-D831-483F-81C4-2928358BD4D7}"
EndProject
Global
	GlobalSection(SolutionConfigurationPlatforms) = preSolution
		Debug|Any CPU = Debug|Any CPU
		Release|Any CPU = Release|Any CPU
	EndGlobalSection
	GlobalSection(ProjectConfigurationPlatforms) = postSolution
		{A2F0571A-E90E-4030-B05E-531A4CDE084D}.Debug|Any CPU.ActiveCfg = Debug|Any CPU
		{A2F0571A-E90E-4030-B05E-531A4CDE084D}.Debug|Any CPU.Build.0 = Debug|Any CPU
		{A2F0571A-E90E-4030-B05E-531A4CDE084D}.Release|Any CPU.ActiveCfg = Release|Any CPU
		{A2F0571A-E90E-4030-B05E-531A4CDE084D}.Release|Any CPU.Build.0 = Release|Any CPU
		{E84434F6-3328-4B63-815A-B7D6CE328416}.Debug|Any CPU.ActiveCfg = Debug|Any CPU
		{E84434F6-3328-4B63-815A-B7D6CE328416}.Debug|Any CPU.Build.0 = Debug|Any CPU
		{E84434F6-3328-4B63-815A-B7D6CE328416}.Release|Any CPU.ActiveCfg = Release|Any CPU
		{E84434F6-3328-4B63-815A-B7D6CE328416}.Release|Any CPU.Build.0 = Release|Any CPU
		{AFAD78A1-6831-4CD9-80AB-02EFE82C46BD}.Debug|Any CPU.ActiveCfg = Debug|Any CPU
		{AFAD78A1-6831-4CD9-80AB-02EFE82C46BD}.Debug|Any CPU.Build.0 = Debug|Any CPU
		{AFAD78A1-6831-4CD9-80AB-02EFE82C46BD}.Release|Any CPU.ActiveCfg = Release|Any CPU
		{AFAD78A1-6831-4CD9-80AB-02EFE82C46BD}.Release|Any CPU.Build.0 = Release|Any CPU
		{5A94A35D-90AC-4E3B-849D-B6029EC1C211}.Debug|Any CPU.ActiveCfg = Debug|Any CPU
		{5A94A35D-90AC-4E3B-849D-B6029EC1C211}.Debug|Any CPU.Build.0 = Debug|Any CPU
		{5A94A35D-90AC-4E3B-849D-B6029EC1C211}.Release|Any CPU.ActiveCfg = Release|Any CPU
		{5A94A35D-90AC-4E3B-849D-B6029EC1C211}.Release|Any CPU.Build.0 = Release|Any CPU
		{38314FFA-3AAF-4397-A81B-29A3366DD540}.Debug|Any CPU.ActiveCfg = Debug|Any CPU
		{38314FFA-3AAF-4397-A81B-29A3366DD540}.Debug|Any CPU.Build.0 = Debug|Any CPU
		{38314FFA-3AAF-4397-A81B-29A3366DD540}.Release|Any CPU.ActiveCfg = Release|Any CPU
		{38314FFA-3AAF-4397-A81B-29A3366DD540}.Release|Any CPU.Build.0 = Release|Any CPU
		{1C22131D-0EEA-48EB-A708-4310845FFC27}.Debug|Any CPU.ActiveCfg = Debug|Any CPU
		{1C22131D-0EEA-48EB-A708-4310845FFC27}.Debug|Any CPU.Build.0 = Debug|Any CPU
		{1C22131D-0EEA-48EB-A708-4310845FFC27}.Release|Any CPU.ActiveCfg = Release|Any CPU
		{1C22131D-0EEA-48EB-A708-4310845FFC27}.Release|Any CPU.Build.0 = Release|Any CPU
		{514758BD-D831-483F-81C4-2928358BD4D7}.Debug|Any CPU.ActiveCfg = Debug|Any CPU
		{514758BD-D831-483F-81C4-2928358BD4D7}.Debug|Any CPU.Build.0 = Debug|Any CPU
		{514758BD-D831-483F-81C4-2928358BD4D7}.Release|Any CPU.ActiveCfg = Release|Any CPU
		{514758BD-D831-483F-81C4-2928358BD4D7}.Release|Any CPU.Build.0 = Release|Any CPU
	EndGlobalSection
	GlobalSection(SolutionProperties) = preSolution
		HideSolutionNode = FALSE
	EndGlobalSection
	GlobalSection(NestedProjects) = preSolution
		{E84434F6-3328-4B63-815A-B7D6CE328416} = {533617B0-91CD-4C91-8676-36C21155D191}
		{AFAD78A1-6831-4CD9-80AB-02EFE82C46BD} = {533617B0-91CD-4C91-8676-36C21155D191}
		{5A94A35D-90AC-4E3B-849D-B6029EC1C211} = {533617B0-91CD-4C91-8676-36C21155D191}
		{38314FFA-3AAF-4397-A81B-29A3366DD540} = {533617B0-91CD-4C91-8676-36C21155D191}
		{1C22131D-0EEA-48EB-A708-4310845FFC27} = {533617B0-91CD-4C91-8676-36C21155D191}
		{514758BD-D831-483F-81C4-2928358BD4D7} = {533617B0-91CD-4C91-8676-36C21155D191}
	EndGlobalSection
	GlobalSection(ExtensibilityGlobals) = postSolution
		SolutionGuid = {8E3DFD5E-550F-4D27-BD8A-49D16DD84DB9}
	EndGlobalSection
EndGlobal
