
Microsoft Visual Studio Solution File, Format Version 12.00
# Visual Studio Version 16
VisualStudioVersion = 16.0.29324.140
MinimumVisualStudioVersion = 10.0.40219.1
Project("{9A19103F-16F7-4668-BE54-9A1E7A4F7556}") = "Microsoft.Extensions.Logging.Log4Net.AspNetCore", "Microsoft.Extensions.Logging.Log4Net.AspNetCore\Microsoft.Extensions.Logging.Log4Net.AspNetCore.csproj", "{A2F0571A-E90E-4030-B05E-531A4CDE084D}"
EndProject
Project("{2150E333-8FDC-42A3-9474-1A3956D46DE8}") = "Tests", "Tests", "{533617B0-91CD-4C91-8676-36C21155D191}"
EndProject
Project("{9A19103F-16F7-4668-BE54-9A1E7A4F7556}") = "NetCoreApp.v1_x.Tests", "Tests\NetCoreApp1.Tests\NetCoreApp.v1_x.Tests.csproj", "{AFAD78A1-6831-4CD9-80AB-02EFE82C46BD}"
EndProject
Project("{9A19103F-16F7-4668-BE54-9A1E7A4F7556}") = "NetCoreApp.v2_0.Tests", "Tests\NetCoreApp20.Tests\NetCoreApp.v2_0.Tests.csproj", "{5A94A35D-90AC-4E3B-849D-B6029EC1C211}"
EndProject
Project("{9A19103F-16F7-4668-BE54-9A1E7A4F7556}") = "NetCoreApp.v2_1.Tests", "Tests\NetCoreApp21.Tests\NetCoreApp.v2_1.Tests.csproj", "{38314FFA-3AAF-4397-A81B-29A3366DD540}"
EndProject
Project("{9A19103F-16F7-4668-BE54-9A1E7A4F7556}") = "NetCoreApp.v2_2.Tests", "Tests\NetCoreApp22.Tests\NetCoreApp.v2_2.Tests.csproj", "{1C22131D-0EEA-48EB-A708-4310845FFC27}"
EndProject
Project("{9A19103F-16F7-4668-BE54-9A1E7A4F7556}") = "NetCoreAppv3_0.Tests", "Tests\NetCoreAppv3_0.Tests\NetCoreAppv3_0.Tests.csproj", "{11CD87DF-8F75-4C05-9BA7-FDDF6ECD7C43}"
EndProject
Project("{9A19103F-16F7-4668-BE54-9A1E7A4F7556}") = "Swords.Core.Tests", "Tests\Swords.Core.Tests\Swords.Core.Tests.csproj", "{B619A288-6272-46AC-BF6A-438DD50F8B7F}"
EndProject
Project("{9A19103F-16F7-4668-BE54-9A1E7A4F7556}") = "NetCoreAppv3_1.Tests", "Tests\NetCoreAppv3_1.Tests\NetCoreAppv3_1.Tests.csproj", "{0048ED70-2C25-468C-9B80-588DAB468958}"
EndProject
Global
	GlobalSection(SolutionConfigurationPlatforms) = preSolution
		Debug|Any CPU = Debug|Any CPU
		Release|Any CPU = Release|Any CPU
	EndGlobalSection
	GlobalSection(ProjectConfigurationPlatforms) = postSolution
		{A2F0571A-E90E-4030-B05E-531A4CDE084D}.Debug|Any CPU.ActiveCfg = Debug|Any CPU
		{A2F0571A-E90E-4030-B05E-531A4CDE084D}.Debug|Any CPU.Build.0 = Debug|Any CPU
		{A2F0571A-E90E-4030-B05E-531A4CDE084D}.Release|Any CPU.ActiveCfg = Release|Any CPU
		{A2F0571A-E90E-4030-B05E-531A4CDE084D}.Release|Any CPU.Build.0 = Release|Any CPU
		{AFAD78A1-6831-4CD9-80AB-02EFE82C46BD}.Debug|Any CPU.ActiveCfg = Debug|Any CPU
		{AFAD78A1-6831-4CD9-80AB-02EFE82C46BD}.Debug|Any CPU.Build.0 = Debug|Any CPU
		{AFAD78A1-6831-4CD9-80AB-02EFE82C46BD}.Release|Any CPU.ActiveCfg = Release|Any CPU
		{AFAD78A1-6831-4CD9-80AB-02EFE82C46BD}.Release|Any CPU.Build.0 = Release|Any CPU
		{5A94A35D-90AC-4E3B-849D-B6029EC1C211}.Debug|Any CPU.ActiveCfg = Debug|Any CPU
		{5A94A35D-90AC-4E3B-849D-B6029EC1C211}.Debug|Any CPU.Build.0 = Debug|Any CPU
		{5A94A35D-90AC-4E3B-849D-B6029EC1C211}.Release|Any CPU.ActiveCfg = Release|Any CPU
		{5A94A35D-90AC-4E3B-849D-B6029EC1C211}.Release|Any CPU.Build.0 = Release|Any CPU
		{38314FFA-3AAF-4397-A81B-29A3366DD540}.Debug|Any CPU.ActiveCfg = Debug|Any CPU
		{38314FFA-3AAF-4397-A81B-29A3366DD540}.Debug|Any CPU.Build.0 = Debug|Any CPU
		{38314FFA-3AAF-4397-A81B-29A3366DD540}.Release|Any CPU.ActiveCfg = Release|Any CPU
		{38314FFA-3AAF-4397-A81B-29A3366DD540}.Release|Any CPU.Build.0 = Release|Any CPU
		{1C22131D-0EEA-48EB-A708-4310845FFC27}.Debug|Any CPU.ActiveCfg = Debug|Any CPU
		{1C22131D-0EEA-48EB-A708-4310845FFC27}.Debug|Any CPU.Build.0 = Debug|Any CPU
		{1C22131D-0EEA-48EB-A708-4310845FFC27}.Release|Any CPU.ActiveCfg = Release|Any CPU
		{1C22131D-0EEA-48EB-A708-4310845FFC27}.Release|Any CPU.Build.0 = Release|Any CPU
		{11CD87DF-8F75-4C05-9BA7-FDDF6ECD7C43}.Debug|Any CPU.ActiveCfg = Debug|Any CPU
		{11CD87DF-8F75-4C05-9BA7-FDDF6ECD7C43}.Debug|Any CPU.Build.0 = Debug|Any CPU
		{11CD87DF-8F75-4C05-9BA7-FDDF6ECD7C43}.Release|Any CPU.ActiveCfg = Release|Any CPU
		{11CD87DF-8F75-4C05-9BA7-FDDF6ECD7C43}.Release|Any CPU.Build.0 = Release|Any CPU
		{B619A288-6272-46AC-BF6A-438DD50F8B7F}.Debug|Any CPU.ActiveCfg = Debug|Any CPU
		{B619A288-6272-46AC-BF6A-438DD50F8B7F}.Debug|Any CPU.Build.0 = Debug|Any CPU
		{B619A288-6272-46AC-BF6A-438DD50F8B7F}.Release|Any CPU.ActiveCfg = Release|Any CPU
		{B619A288-6272-46AC-BF6A-438DD50F8B7F}.Release|Any CPU.Build.0 = Release|Any CPU
		{0048ED70-2C25-468C-9B80-588DAB468958}.Debug|Any CPU.ActiveCfg = Debug|Any CPU
		{0048ED70-2C25-468C-9B80-588DAB468958}.Debug|Any CPU.Build.0 = Debug|Any CPU
		{0048ED70-2C25-468C-9B80-588DAB468958}.Release|Any CPU.ActiveCfg = Release|Any CPU
		{0048ED70-2C25-468C-9B80-588DAB468958}.Release|Any CPU.Build.0 = Release|Any CPU
	EndGlobalSection
	GlobalSection(SolutionProperties) = preSolution
		HideSolutionNode = FALSE
	EndGlobalSection
	GlobalSection(NestedProjects) = preSolution
		{AFAD78A1-6831-4CD9-80AB-02EFE82C46BD} = {533617B0-91CD-4C91-8676-36C21155D191}
		{5A94A35D-90AC-4E3B-849D-B6029EC1C211} = {533617B0-91CD-4C91-8676-36C21155D191}
		{38314FFA-3AAF-4397-A81B-29A3366DD540} = {533617B0-91CD-4C91-8676-36C21155D191}
		{1C22131D-0EEA-48EB-A708-4310845FFC27} = {533617B0-91CD-4C91-8676-36C21155D191}
		{11CD87DF-8F75-4C05-9BA7-FDDF6ECD7C43} = {533617B0-91CD-4C91-8676-36C21155D191}
		{B619A288-6272-46AC-BF6A-438DD50F8B7F} = {533617B0-91CD-4C91-8676-36C21155D191}
		{0048ED70-2C25-468C-9B80-588DAB468958} = {533617B0-91CD-4C91-8676-36C21155D191}
	EndGlobalSection
	GlobalSection(ExtensibilityGlobals) = postSolution
		SolutionGuid = {8E3DFD5E-550F-4D27-BD8A-49D16DD84DB9}
	EndGlobalSection
EndGlobal
